
Microsoft Visual Studio Solution File, Format Version 12.00
# Visual Studio Version 17
VisualStudioVersion = 17.7.34031.279
MinimumVisualStudioVersion = 10.0.40219.1
Project("{FAE04EC0-301F-11D3-BF4B-00C04F79EFBC}") = "AoC23", "AoC23.csproj", "{453F36F4-DB2A-4138-8F00-DA02EDE97CFC}"
EndProject
Global
	GlobalSection(SolutionConfigurationPlatforms) = preSolution
		Debug|Any CPU = Debug|Any CPU
		Release|Any CPU = Release|Any CPU
	EndGlobalSection
	GlobalSection(ProjectConfigurationPlatforms) = postSolution
		{453F36F4-DB2A-4138-8F00-DA02EDE97CFC}.Debug|Any CPU.ActiveCfg = Debug|Any CPU
		{453F36F4-DB2A-4138-8F00-DA02EDE97CFC}.Debug|Any CPU.Build.0 = Debug|Any CPU
		{453F36F4-DB2A-4138-8F00-DA02EDE97CFC}.Release|Any CPU.ActiveCfg = Release|Any CPU
		{453F36F4-DB2A-4138-8F00-DA02EDE97CFC}.Release|Any CPU.Build.0 = Release|Any CPU
	EndGlobalSection
	GlobalSection(SolutionProperties) = preSolution
		HideSolutionNode = FALSE
	EndGlobalSection
	GlobalSection(ExtensibilityGlobals) = postSolution
		SolutionGuid = {B1630E4A-13EF-4752-83A3-75D14FB05918}
	EndGlobalSection
EndGlobal
